
Microsoft Visual Studio Solution File, Format Version 12.00
# Visual Studio Version 17
VisualStudioVersion = 17.6.33712.159
MinimumVisualStudioVersion = 10.0.40219.1
Project("{FAE04EC0-301F-11D3-BF4B-00C04F79EFBC}") = "h2task1", "h2task1\h2task1.csproj", "{9B36C8AB-9483-4BB5-A207-78BAD321C797}"
EndProject
Global
	GlobalSection(SolutionConfigurationPlatforms) = preSolution
		Debug|Any CPU = Debug|Any CPU
		Release|Any CPU = Release|Any CPU
	EndGlobalSection
	GlobalSection(ProjectConfigurationPlatforms) = postSolution
		{9B36C8AB-9483-4BB5-A207-78BAD321C797}.Debug|Any CPU.ActiveCfg = Debug|Any CPU
		{9B36C8AB-9483-4BB5-A207-78BAD321C797}.Debug|Any CPU.Build.0 = Debug|Any CPU
		{9B36C8AB-9483-4BB5-A207-78BAD321C797}.Release|Any CPU.ActiveCfg = Release|Any CPU
		{9B36C8AB-9483-4BB5-A207-78BAD321C797}.Release|Any CPU.Build.0 = Release|Any CPU
	EndGlobalSection
	GlobalSection(SolutionProperties) = preSolution
		HideSolutionNode = FALSE
	EndGlobalSection
	GlobalSection(ExtensibilityGlobals) = postSolution
		SolutionGuid = {5025AFC7-7247-4D8D-9D50-58E54D32EC07}
	EndGlobalSection
EndGlobal
